
Microsoft Visual Studio Solution File, Format Version 12.00
# Visual Studio 2013
VisualStudioVersion = 12.0.30723.0
MinimumVisualStudioVersion = 10.0.40219.1
Project("{FAE04EC0-301F-11D3-BF4B-00C04F79EFBC}") = "RandomPasswordGenerator", "RandomPasswordGenerator\RandomPasswordGenerator.csproj", "{93A551CA-89E4-418E-8915-CC377A00616A}"
EndProject
Project("{FAE04EC0-301F-11D3-BF4B-00C04F79EFBC}") = "Tests.RandomPasswordGenerator", "Tests.RandomPasswordGenerator\Tests.RandomPasswordGenerator.csproj", "{2A412D93-9044-412D-806B-87298FD3A4EE}"
EndProject
Global
	GlobalSection(SolutionConfigurationPlatforms) = preSolution
		Debug|Any CPU = Debug|Any CPU
		Release|Any CPU = Release|Any CPU
	EndGlobalSection
	GlobalSection(ProjectConfigurationPlatforms) = postSolution
		{93A551CA-89E4-418E-8915-CC377A00616A}.Debug|Any CPU.ActiveCfg = Debug|Any CPU
		{93A551CA-89E4-418E-8915-CC377A00616A}.Debug|Any CPU.Build.0 = Debug|Any CPU
		{93A551CA-89E4-418E-8915-CC377A00616A}.Release|Any CPU.ActiveCfg = Release|Any CPU
		{93A551CA-89E4-418E-8915-CC377A00616A}.Release|Any CPU.Build.0 = Release|Any CPU
		{2A412D93-9044-412D-806B-87298FD3A4EE}.Debug|Any CPU.ActiveCfg = Debug|Any CPU
		{2A412D93-9044-412D-806B-87298FD3A4EE}.Debug|Any CPU.Build.0 = Debug|Any CPU
		{2A412D93-9044-412D-806B-87298FD3A4EE}.Release|Any CPU.ActiveCfg = Release|Any CPU
		{2A412D93-9044-412D-806B-87298FD3A4EE}.Release|Any CPU.Build.0 = Release|Any CPU
	EndGlobalSection
	GlobalSection(SolutionProperties) = preSolution
		HideSolutionNode = FALSE
	EndGlobalSection
EndGlobal
