
Microsoft Visual Studio Solution File, Format Version 12.00
# Visual Studio 2013
VisualStudioVersion = 12.0.30723.0
MinimumVisualStudioVersion = 10.0.40219.1
Project("{FAE04EC0-301F-11D3-BF4B-00C04F79EFBC}") = "RandomPasswordGenerator", "RandomPasswordGenerator\RandomPasswordGenerator.csproj", "{93A551CA-89E4-418E-8915-CC377A00616A}"
EndProject
Project("{FAE04EC0-301F-11D3-BF4B-00C04F79EFBC}") = "Tests.RandomPasswordGenerator", "Tests.RandomPasswordGenerator\Tests.RandomPasswordGenerator.csproj", "{2A412D93-9044-412D-806B-87298FD3A4EE}"
EndProject
Project("{2150E333-8FDC-42A3-9474-1A3956D46DE8}") = "Solution Items", "Solution Items", "{44E076C0-CA5E-4097-996E-164EF49B6B99}"
	ProjectSection(SolutionItems) = preProject
		README.md = README.md
	EndProjectSection
EndProject
Project("{2150E333-8FDC-42A3-9474-1A3956D46DE8}") = "Samples", "Samples", "{2439225D-3797-4316-87ED-98F9B4B59008}"
EndProject
Project("{2150E333-8FDC-42A3-9474-1A3956D46DE8}") = "WPF", "WPF", "{DD92FAB7-DA8E-4B02-90E7-EC69F10CD8DA}"
EndProject
Project("{2150E333-8FDC-42A3-9474-1A3956D46DE8}") = "Console", "Console", "{896E5354-B1A4-436E-999A-751AB43CCA91}"
EndProject
Project("{2150E333-8FDC-42A3-9474-1A3956D46DE8}") = "Web.MVC", "Web.MVC", "{2EF328FD-C768-49A5-843C-C646CE4A1583}"
EndProject
Project("{FAE04EC0-301F-11D3-BF4B-00C04F79EFBC}") = "WPF_PasswordGeneratorSampleApp", "WPF_PasswordGeneratorSampleApp\WPF_PasswordGeneratorSampleApp.csproj", "{62A8ACDE-293C-48BE-AFD6-D5C7A01188CA}"
EndProject
Global
	GlobalSection(SolutionConfigurationPlatforms) = preSolution
		Debug|Any CPU = Debug|Any CPU
		Release|Any CPU = Release|Any CPU
	EndGlobalSection
	GlobalSection(ProjectConfigurationPlatforms) = postSolution
		{93A551CA-89E4-418E-8915-CC377A00616A}.Debug|Any CPU.ActiveCfg = Debug|Any CPU
		{93A551CA-89E4-418E-8915-CC377A00616A}.Debug|Any CPU.Build.0 = Debug|Any CPU
		{93A551CA-89E4-418E-8915-CC377A00616A}.Release|Any CPU.ActiveCfg = Release|Any CPU
		{93A551CA-89E4-418E-8915-CC377A00616A}.Release|Any CPU.Build.0 = Release|Any CPU
		{2A412D93-9044-412D-806B-87298FD3A4EE}.Debug|Any CPU.ActiveCfg = Debug|Any CPU
		{2A412D93-9044-412D-806B-87298FD3A4EE}.Debug|Any CPU.Build.0 = Debug|Any CPU
		{2A412D93-9044-412D-806B-87298FD3A4EE}.Release|Any CPU.ActiveCfg = Release|Any CPU
		{2A412D93-9044-412D-806B-87298FD3A4EE}.Release|Any CPU.Build.0 = Release|Any CPU
		{62A8ACDE-293C-48BE-AFD6-D5C7A01188CA}.Debug|Any CPU.ActiveCfg = Debug|Any CPU
		{62A8ACDE-293C-48BE-AFD6-D5C7A01188CA}.Debug|Any CPU.Build.0 = Debug|Any CPU
		{62A8ACDE-293C-48BE-AFD6-D5C7A01188CA}.Release|Any CPU.ActiveCfg = Release|Any CPU
		{62A8ACDE-293C-48BE-AFD6-D5C7A01188CA}.Release|Any CPU.Build.0 = Release|Any CPU
	EndGlobalSection
	GlobalSection(SolutionProperties) = preSolution
		HideSolutionNode = FALSE
	EndGlobalSection
	GlobalSection(NestedProjects) = preSolution
		{DD92FAB7-DA8E-4B02-90E7-EC69F10CD8DA} = {2439225D-3797-4316-87ED-98F9B4B59008}
		{896E5354-B1A4-436E-999A-751AB43CCA91} = {2439225D-3797-4316-87ED-98F9B4B59008}
		{2EF328FD-C768-49A5-843C-C646CE4A1583} = {2439225D-3797-4316-87ED-98F9B4B59008}
		{62A8ACDE-293C-48BE-AFD6-D5C7A01188CA} = {DD92FAB7-DA8E-4B02-90E7-EC69F10CD8DA}
	EndGlobalSection
EndGlobal
